// !$*UTF8*$!
{
	archiveVersion = 1;
	classes = {
	};
	objectVersion = 56;
	objects = {

/* Begin PBXBuildFile section */
		504FF4C22976BF1300813D3E /* CollectionDataModel.swift in Sources */ = {isa = PBXBuildFile; fileRef = 504FF4C12976BF1300813D3E /* CollectionDataModel.swift */; };
		504FF4C42976BF7800813D3E /* ColletionDataSecond.swift in Sources */ = {isa = PBXBuildFile; fileRef = 504FF4C32976BF7800813D3E /* ColletionDataSecond.swift */; };
		504FF4C62976C06900813D3E /* ColletionCellSecond.swift in Sources */ = {isa = PBXBuildFile; fileRef = 504FF4C52976C06900813D3E /* ColletionCellSecond.swift */; };
		5070BD4229756AD000927221 /* AppDelegate.swift in Sources */ = {isa = PBXBuildFile; fileRef = 5070BD4129756AD000927221 /* AppDelegate.swift */; };
		5070BD4429756AD000927221 /* SceneDelegate.swift in Sources */ = {isa = PBXBuildFile; fileRef = 5070BD4329756AD000927221 /* SceneDelegate.swift */; };
		5070BD4629756AD000927221 /* TrendyShopController.swift in Sources */ = {isa = PBXBuildFile; fileRef = 5070BD4529756AD000927221 /* TrendyShopController.swift */; };
		5070BD4B29756AD100927221 /* Assets.xcassets in Resources */ = {isa = PBXBuildFile; fileRef = 5070BD4A29756AD100927221 /* Assets.xcassets */; };
		5070BD4E29756AD100927221 /* LaunchScreen.storyboard in Resources */ = {isa = PBXBuildFile; fileRef = 5070BD4C29756AD100927221 /* LaunchScreen.storyboard */; };
		5070BD56297571DD00927221 /* Extension+NavigationBar.swift in Sources */ = {isa = PBXBuildFile; fileRef = 5070BD55297571DD00927221 /* Extension+NavigationBar.swift */; };
		5070BD6029758F4E00927221 /* TrendyView.swift in Sources */ = {isa = PBXBuildFile; fileRef = 5070BD5F29758F4E00927221 /* TrendyView.swift */; };
		5070BD622975904100927221 /* UIView+AddSubviews.swift in Sources */ = {isa = PBXBuildFile; fileRef = 5070BD612975904100927221 /* UIView+AddSubviews.swift */; };
		5070BD64297590C200927221 /* Int+Scaling.swift in Sources */ = {isa = PBXBuildFile; fileRef = 5070BD63297590C200927221 /* Int+Scaling.swift */; };
		5070BD672976BCE900927221 /* CollectionCellFirst.swift in Sources */ = {isa = PBXBuildFile; fileRef = 5070BD662976BCE900927221 /* CollectionCellFirst.swift */; };
/* End PBXBuildFile section */

/* Begin PBXFileReference section */
		504FF4C12976BF1300813D3E /* CollectionDataModel.swift */ = {isa = PBXFileReference; lastKnownFileType = sourcecode.swift; path = CollectionDataModel.swift; sourceTree = "<group>"; };
		504FF4C32976BF7800813D3E /* ColletionDataSecond.swift */ = {isa = PBXFileReference; lastKnownFileType = sourcecode.swift; path = ColletionDataSecond.swift; sourceTree = "<group>"; };
		504FF4C52976C06900813D3E /* ColletionCellSecond.swift */ = {isa = PBXFileReference; lastKnownFileType = sourcecode.swift; path = ColletionCellSecond.swift; sourceTree = "<group>"; };
		5070BD3E29756AD000927221 /* TrendyShop.app */ = {isa = PBXFileReference; explicitFileType = wrapper.application; includeInIndex = 0; path = TrendyShop.app; sourceTree = BUILT_PRODUCTS_DIR; };
		5070BD4129756AD000927221 /* AppDelegate.swift */ = {isa = PBXFileReference; lastKnownFileType = sourcecode.swift; path = AppDelegate.swift; sourceTree = "<group>"; };
		5070BD4329756AD000927221 /* SceneDelegate.swift */ = {isa = PBXFileReference; lastKnownFileType = sourcecode.swift; path = SceneDelegate.swift; sourceTree = "<group>"; };
		5070BD4529756AD000927221 /* TrendyShopController.swift */ = {isa = PBXFileReference; lastKnownFileType = sourcecode.swift; path = TrendyShopController.swift; sourceTree = "<group>"; };
		5070BD4A29756AD100927221 /* Assets.xcassets */ = {isa = PBXFileReference; lastKnownFileType = folder.assetcatalog; path = Assets.xcassets; sourceTree = "<group>"; };
		5070BD4D29756AD100927221 /* Base */ = {isa = PBXFileReference; lastKnownFileType = file.storyboard; name = Base; path = Base.lproj/LaunchScreen.storyboard; sourceTree = "<group>"; };
		5070BD4F29756AD100927221 /* Info.plist */ = {isa = PBXFileReference; lastKnownFileType = text.plist.xml; path = Info.plist; sourceTree = "<group>"; };
		5070BD55297571DD00927221 /* Extension+NavigationBar.swift */ = {isa = PBXFileReference; lastKnownFileType = sourcecode.swift; path = "Extension+NavigationBar.swift"; sourceTree = "<group>"; };
		5070BD5F29758F4E00927221 /* TrendyView.swift */ = {isa = PBXFileReference; lastKnownFileType = sourcecode.swift; path = TrendyView.swift; sourceTree = "<group>"; };
		5070BD612975904100927221 /* UIView+AddSubviews.swift */ = {isa = PBXFileReference; lastKnownFileType = sourcecode.swift; path = "UIView+AddSubviews.swift"; sourceTree = "<group>"; };
		5070BD63297590C200927221 /* Int+Scaling.swift */ = {isa = PBXFileReference; lastKnownFileType = sourcecode.swift; path = "Int+Scaling.swift"; sourceTree = "<group>"; };
		5070BD662976BCE900927221 /* CollectionCellFirst.swift */ = {isa = PBXFileReference; lastKnownFileType = sourcecode.swift; path = CollectionCellFirst.swift; sourceTree = "<group>"; };
/* End PBXFileReference section */

/* Begin PBXFrameworksBuildPhase section */
		5070BD3B29756AD000927221 /* Frameworks */ = {
			isa = PBXFrameworksBuildPhase;
			buildActionMask = 2147483647;
			files = (
			);
			runOnlyForDeploymentPostprocessing = 0;
		};
/* End PBXFrameworksBuildPhase section */

/* Begin PBXGroup section */
		504FF4C02976BEE600813D3E /* Model */ = {
			isa = PBXGroup;
			children = (
				504FF4C12976BF1300813D3E /* CollectionDataModel.swift */,
				504FF4C32976BF7800813D3E /* ColletionDataSecond.swift */,
			);
			path = Model;
			sourceTree = "<group>";
		};
		5070BD3529756AD000927221 = {
			isa = PBXGroup;
			children = (
				5070BD4029756AD000927221 /* TrendyShop */,
				5070BD3F29756AD000927221 /* Products */,
			);
			sourceTree = "<group>";
		};
		5070BD3F29756AD000927221 /* Products */ = {
			isa = PBXGroup;
			children = (
				5070BD3E29756AD000927221 /* TrendyShop.app */,
			);
			name = Products;
			sourceTree = "<group>";
		};
		5070BD4029756AD000927221 /* TrendyShop */ = {
			isa = PBXGroup;
			children = (
				5070BD5729758E6500927221 /* Sources */,
				5070BD5D29758F0000927221 /* Resources */,
			);
			path = TrendyShop;
			sourceTree = "<group>";
		};
		5070BD5729758E6500927221 /* Sources */ = {
			isa = PBXGroup;
			children = (
				5070BD5829758E7A00927221 /* Module */,
				5070BD5B29758EBC00927221 /* Supporting */,
			);
			path = Sources;
			sourceTree = "<group>";
		};
		5070BD5829758E7A00927221 /* Module */ = {
			isa = PBXGroup;
			children = (
				504FF4C02976BEE600813D3E /* Model */,
				5070BD5929758E8600927221 /* View */,
				5070BD5A29758E9B00927221 /* Controller */,
				5070BD5E29758F1B00927221 /* Extension */,
			);
			path = Module;
			sourceTree = "<group>";
		};
		5070BD5929758E8600927221 /* View */ = {
			isa = PBXGroup;
			children = (
				5070BD652976BCA800927221 /* Cell */,
				5070BD5F29758F4E00927221 /* TrendyView.swift */,
			);
			path = View;
			sourceTree = "<group>";
		};
		5070BD5A29758E9B00927221 /* Controller */ = {
			isa = PBXGroup;
			children = (
				5070BD4529756AD000927221 /* TrendyShopController.swift */,
			);
			path = Controller;
			sourceTree = "<group>";
		};
		5070BD5B29758EBC00927221 /* Supporting */ = {
			isa = PBXGroup;
			children = (
				5070BD5C29758EC200927221 /* Apllication */,
			);
			path = Supporting;
			sourceTree = "<group>";
		};
		5070BD5C29758EC200927221 /* Apllication */ = {
			isa = PBXGroup;
			children = (
				5070BD4129756AD000927221 /* AppDelegate.swift */,
				5070BD4329756AD000927221 /* SceneDelegate.swift */,
			);
			path = Apllication;
			sourceTree = "<group>";
		};
		5070BD5D29758F0000927221 /* Resources */ = {
			isa = PBXGroup;
			children = (
				5070BD4C29756AD100927221 /* LaunchScreen.storyboard */,
				5070BD4A29756AD100927221 /* Assets.xcassets */,
				5070BD4F29756AD100927221 /* Info.plist */,
			);
			path = Resources;
			sourceTree = "<group>";
		};
		5070BD5E29758F1B00927221 /* Extension */ = {
			isa = PBXGroup;
			children = (
				5070BD55297571DD00927221 /* Extension+NavigationBar.swift */,
				5070BD612975904100927221 /* UIView+AddSubviews.swift */,
				5070BD63297590C200927221 /* Int+Scaling.swift */,
			);
			path = Extension;
			sourceTree = "<group>";
		};
		5070BD652976BCA800927221 /* Cell */ = {
			isa = PBXGroup;
			children = (
				5070BD662976BCE900927221 /* CollectionCellFirst.swift */,
				504FF4C52976C06900813D3E /* ColletionCellSecond.swift */,
			);
			path = Cell;
			sourceTree = "<group>";
		};
/* End PBXGroup section */

/* Begin PBXNativeTarget section */
		5070BD3D29756AD000927221 /* TrendyShop */ = {
			isa = PBXNativeTarget;
			buildConfigurationList = 5070BD5229756AD100927221 /* Build configuration list for PBXNativeTarget "TrendyShop" */;
			buildPhases = (
				5070BD3A29756AD000927221 /* Sources */,
				5070BD3B29756AD000927221 /* Frameworks */,
				5070BD3C29756AD000927221 /* Resources */,
			);
			buildRules = (
			);
			dependencies = (
			);
			name = TrendyShop;
			productName = TrendyShop;
			productReference = 5070BD3E29756AD000927221 /* TrendyShop.app */;
			productType = "com.apple.product-type.application";
		};
/* End PBXNativeTarget section */

/* Begin PBXProject section */
		5070BD3629756AD000927221 /* Project object */ = {
			isa = PBXProject;
			attributes = {
				BuildIndependentTargetsInParallel = 1;
				LastSwiftUpdateCheck = 1410;
				LastUpgradeCheck = 1410;
				TargetAttributes = {
					5070BD3D29756AD000927221 = {
						CreatedOnToolsVersion = 14.1;
					};
				};
			};
			buildConfigurationList = 5070BD3929756AD000927221 /* Build configuration list for PBXProject "TrendyShop" */;
			compatibilityVersion = "Xcode 14.0";
			developmentRegion = en;
			hasScannedForEncodings = 0;
			knownRegions = (
				en,
				Base,
			);
			mainGroup = 5070BD3529756AD000927221;
			productRefGroup = 5070BD3F29756AD000927221 /* Products */;
			projectDirPath = "";
			projectRoot = "";
			targets = (
				5070BD3D29756AD000927221 /* TrendyShop */,
			);
		};
/* End PBXProject section */

/* Begin PBXResourcesBuildPhase section */
		5070BD3C29756AD000927221 /* Resources */ = {
			isa = PBXResourcesBuildPhase;
			buildActionMask = 2147483647;
			files = (
				5070BD4E29756AD100927221 /* LaunchScreen.storyboard in Resources */,
				5070BD4B29756AD100927221 /* Assets.xcassets in Resources */,
			);
			runOnlyForDeploymentPostprocessing = 0;
		};
/* End PBXResourcesBuildPhase section */

/* Begin PBXSourcesBuildPhase section */
		5070BD3A29756AD000927221 /* Sources */ = {
			isa = PBXSourcesBuildPhase;
			buildActionMask = 2147483647;
			files = (
				504FF4C22976BF1300813D3E /* CollectionDataModel.swift in Sources */,
				5070BD672976BCE900927221 /* CollectionCellFirst.swift in Sources */,
				5070BD4629756AD000927221 /* TrendyShopController.swift in Sources */,
				5070BD64297590C200927221 /* Int+Scaling.swift in Sources */,
				5070BD6029758F4E00927221 /* TrendyView.swift in Sources */,
				504FF4C42976BF7800813D3E /* ColletionDataSecond.swift in Sources */,
				5070BD622975904100927221 /* UIView+AddSubviews.swift in Sources */,
				5070BD56297571DD00927221 /* Extension+NavigationBar.swift in Sources */,
				5070BD4229756AD000927221 /* AppDelegate.swift in Sources */,
				504FF4C62976C06900813D3E /* ColletionCellSecond.swift in Sources */,
				5070BD4429756AD000927221 /* SceneDelegate.swift in Sources */,
			);
			runOnlyForDeploymentPostprocessing = 0;
		};
/* End PBXSourcesBuildPhase section */

/* Begin PBXVariantGroup section */
		5070BD4C29756AD100927221 /* LaunchScreen.storyboard */ = {
			isa = PBXVariantGroup;
			children = (
				5070BD4D29756AD100927221 /* Base */,
			);
			name = LaunchScreen.storyboard;
			sourceTree = "<group>";
		};
/* End PBXVariantGroup section */

/* Begin XCBuildConfiguration section */
		5070BD5029756AD100927221 /* Debug */ = {
			isa = XCBuildConfiguration;
			buildSettings = {
				ALWAYS_SEARCH_USER_PATHS = NO;
				CLANG_ANALYZER_NONNULL = YES;
				CLANG_ANALYZER_NUMBER_OBJECT_CONVERSION = YES_AGGRESSIVE;
				CLANG_CXX_LANGUAGE_STANDARD = "gnu++20";
				CLANG_ENABLE_MODULES = YES;
				CLANG_ENABLE_OBJC_ARC = YES;
				CLANG_ENABLE_OBJC_WEAK = YES;
				CLANG_WARN_BLOCK_CAPTURE_AUTORELEASING = YES;
				CLANG_WARN_BOOL_CONVERSION = YES;
				CLANG_WARN_COMMA = YES;
				CLANG_WARN_CONSTANT_CONVERSION = YES;
				CLANG_WARN_DEPRECATED_OBJC_IMPLEMENTATIONS = YES;
				CLANG_WARN_DIRECT_OBJC_ISA_USAGE = YES_ERROR;
				CLANG_WARN_DOCUMENTATION_COMMENTS = YES;
				CLANG_WARN_EMPTY_BODY = YES;
				CLANG_WARN_ENUM_CONVERSION = YES;
				CLANG_WARN_INFINITE_RECURSION = YES;
				CLANG_WARN_INT_CONVERSION = YES;
				CLANG_WARN_NON_LITERAL_NULL_CONVERSION = YES;
				CLANG_WARN_OBJC_IMPLICIT_RETAIN_SELF = YES;
				CLANG_WARN_OBJC_LITERAL_CONVERSION = YES;
				CLANG_WARN_OBJC_ROOT_CLASS = YES_ERROR;
				CLANG_WARN_QUOTED_INCLUDE_IN_FRAMEWORK_HEADER = YES;
				CLANG_WARN_RANGE_LOOP_ANALYSIS = YES;
				CLANG_WARN_STRICT_PROTOTYPES = YES;
				CLANG_WARN_SUSPICIOUS_MOVE = YES;
				CLANG_WARN_UNGUARDED_AVAILABILITY = YES_AGGRESSIVE;
				CLANG_WARN_UNREACHABLE_CODE = YES;
				CLANG_WARN__DUPLICATE_METHOD_MATCH = YES;
				COPY_PHASE_STRIP = NO;
				DEBUG_INFORMATION_FORMAT = dwarf;
				ENABLE_STRICT_OBJC_MSGSEND = YES;
				ENABLE_TESTABILITY = YES;
				GCC_C_LANGUAGE_STANDARD = gnu11;
				GCC_DYNAMIC_NO_PIC = NO;
				GCC_NO_COMMON_BLOCKS = YES;
				GCC_OPTIMIZATION_LEVEL = 0;
				GCC_PREPROCESSOR_DEFINITIONS = (
					"DEBUG=1",
					"$(inherited)",
				);
				GCC_WARN_64_TO_32_BIT_CONVERSION = YES;
				GCC_WARN_ABOUT_RETURN_TYPE = YES_ERROR;
				GCC_WARN_UNDECLARED_SELECTOR = YES;
				GCC_WARN_UNINITIALIZED_AUTOS = YES_AGGRESSIVE;
				GCC_WARN_UNUSED_FUNCTION = YES;
				GCC_WARN_UNUSED_VARIABLE = YES;
				IPHONEOS_DEPLOYMENT_TARGET = 16.1;
				MTL_ENABLE_DEBUG_INFO = INCLUDE_SOURCE;
				MTL_FAST_MATH = YES;
				ONLY_ACTIVE_ARCH = YES;
				SDKROOT = iphoneos;
				SWIFT_ACTIVE_COMPILATION_CONDITIONS = DEBUG;
				SWIFT_OPTIMIZATION_LEVEL = "-Onone";
			};
			name = Debug;
		};
		5070BD5129756AD100927221 /* Release */ = {
			isa = XCBuildConfiguration;
			buildSettings = {
				ALWAYS_SEARCH_USER_PATHS = NO;
				CLANG_ANALYZER_NONNULL = YES;
				CLANG_ANALYZER_NUMBER_OBJECT_CONVERSION = YES_AGGRESSIVE;
				CLANG_CXX_LANGUAGE_STANDARD = "gnu++20";
				CLANG_ENABLE_MODULES = YES;
				CLANG_ENABLE_OBJC_ARC = YES;
				CLANG_ENABLE_OBJC_WEAK = YES;
				CLANG_WARN_BLOCK_CAPTURE_AUTORELEASING = YES;
				CLANG_WARN_BOOL_CONVERSION = YES;
				CLANG_WARN_COMMA = YES;
				CLANG_WARN_CONSTANT_CONVERSION = YES;
				CLANG_WARN_DEPRECATED_OBJC_IMPLEMENTATIONS = YES;
				CLANG_WARN_DIRECT_OBJC_ISA_USAGE = YES_ERROR;
				CLANG_WARN_DOCUMENTATION_COMMENTS = YES;
				CLANG_WARN_EMPTY_BODY = YES;
				CLANG_WARN_ENUM_CONVERSION = YES;
				CLANG_WARN_INFINITE_RECURSION = YES;
				CLANG_WARN_INT_CONVERSION = YES;
				CLANG_WARN_NON_LITERAL_NULL_CONVERSION = YES;
				CLANG_WARN_OBJC_IMPLICIT_RETAIN_SELF = YES;
				CLANG_WARN_OBJC_LITERAL_CONVERSION = YES;
				CLANG_WARN_OBJC_ROOT_CLASS = YES_ERROR;
				CLANG_WARN_QUOTED_INCLUDE_IN_FRAMEWORK_HEADER = YES;
				CLANG_WARN_RANGE_LOOP_ANALYSIS = YES;
				CLANG_WARN_STRICT_PROTOTYPES = YES;
				CLANG_WARN_SUSPICIOUS_MOVE = YES;
				CLANG_WARN_UNGUARDED_AVAILABILITY = YES_AGGRESSIVE;
				CLANG_WARN_UNREACHABLE_CODE = YES;
				CLANG_WARN__DUPLICATE_METHOD_MATCH = YES;
				COPY_PHASE_STRIP = NO;
				DEBUG_INFORMATION_FORMAT = "dwarf-with-dsym";
				ENABLE_NS_ASSERTIONS = NO;
				ENABLE_STRICT_OBJC_MSGSEND = YES;
				GCC_C_LANGUAGE_STANDARD = gnu11;
				GCC_NO_COMMON_BLOCKS = YES;
				GCC_WARN_64_TO_32_BIT_CONVERSION = YES;
				GCC_WARN_ABOUT_RETURN_TYPE = YES_ERROR;
				GCC_WARN_UNDECLARED_SELECTOR = YES;
				GCC_WARN_UNINITIALIZED_AUTOS = YES_AGGRESSIVE;
				GCC_WARN_UNUSED_FUNCTION = YES;
				GCC_WARN_UNUSED_VARIABLE = YES;
				IPHONEOS_DEPLOYMENT_TARGET = 16.1;
				MTL_ENABLE_DEBUG_INFO = NO;
				MTL_FAST_MATH = YES;
				SDKROOT = iphoneos;
				SWIFT_COMPILATION_MODE = wholemodule;
				SWIFT_OPTIMIZATION_LEVEL = "-O";
				VALIDATE_PRODUCT = YES;
			};
			name = Release;
		};
		5070BD5329756AD100927221 /* Debug */ = {
			isa = XCBuildConfiguration;
			buildSettings = {
				ASSETCATALOG_COMPILER_APPICON_NAME = AppIcon;
				ASSETCATALOG_COMPILER_GLOBAL_ACCENT_COLOR_NAME = AccentColor;
				CODE_SIGN_STYLE = Automatic;
				CURRENT_PROJECT_VERSION = 1;
				GENERATE_INFOPLIST_FILE = YES;
				INFOPLIST_FILE = TrendyShop/Resources/Info.plist;
				INFOPLIST_KEY_UIApplicationSupportsIndirectInputEvents = YES;
				INFOPLIST_KEY_UILaunchStoryboardName = LaunchScreen;
				INFOPLIST_KEY_UISupportedInterfaceOrientations_iPad = "UIInterfaceOrientationPortrait UIInterfaceOrientationPortraitUpsideDown UIInterfaceOrientationLandscapeLeft UIInterfaceOrientationLandscapeRight";
				INFOPLIST_KEY_UISupportedInterfaceOrientations_iPhone = "UIInterfaceOrientationPortrait UIInterfaceOrientationLandscapeLeft UIInterfaceOrientationLandscapeRight";
				LD_RUNPATH_SEARCH_PATHS = (
					"$(inherited)",
					"@executable_path/Frameworks",
				);
				MARKETING_VERSION = 1.0;
				PRODUCT_BUNDLE_IDENTIFIER = KosyakovAlexander.TrendyShop;
				PRODUCT_NAME = "$(TARGET_NAME)";
				SWIFT_EMIT_LOC_STRINGS = YES;
				SWIFT_VERSION = 5.0;
				TARGETED_DEVICE_FAMILY = "1,2";
			};
			name = Debug;
		};
		5070BD5429756AD100927221 /* Release */ = {
			isa = XCBuildConfiguration;
			buildSettings = {
				ASSETCATALOG_COMPILER_APPICON_NAME = AppIcon;
				ASSETCATALOG_COMPILER_GLOBAL_ACCENT_COLOR_NAME = AccentColor;
				CODE_SIGN_STYLE = Automatic;
				CURRENT_PROJECT_VERSION = 1;
				GENERATE_INFOPLIST_FILE = YES;
				INFOPLIST_FILE = TrendyShop/Resources/Info.plist;
				INFOPLIST_KEY_UIApplicationSupportsIndirectInputEvents = YES;
				INFOPLIST_KEY_UILaunchStoryboardName = LaunchScreen;
				INFOPLIST_KEY_UISupportedInterfaceOrientations_iPad = "UIInterfaceOrientationPortrait UIInterfaceOrientationPortraitUpsideDown UIInterfaceOrientationLandscapeLeft UIInterfaceOrientationLandscapeRight";
				INFOPLIST_KEY_UISupportedInterfaceOrientations_iPhone = "UIInterfaceOrientationPortrait UIInterfaceOrientationLandscapeLeft UIInterfaceOrientationLandscapeRight";
				LD_RUNPATH_SEARCH_PATHS = (
					"$(inherited)",
					"@executable_path/Frameworks",
				);
				MARKETING_VERSION = 1.0;
				PRODUCT_BUNDLE_IDENTIFIER = KosyakovAlexander.TrendyShop;
				PRODUCT_NAME = "$(TARGET_NAME)";
				SWIFT_EMIT_LOC_STRINGS = YES;
				SWIFT_VERSION = 5.0;
				TARGETED_DEVICE_FAMILY = "1,2";
			};
			name = Release;
		};
/* End XCBuildConfiguration section */

/* Begin XCConfigurationList section */
		5070BD3929756AD000927221 /* Build configuration list for PBXProject "TrendyShop" */ = {
			isa = XCConfigurationList;
			buildConfigurations = (
				5070BD5029756AD100927221 /* Debug */,
				5070BD5129756AD100927221 /* Release */,
			);
			defaultConfigurationIsVisible = 0;
			defaultConfigurationName = Release;
		};
		5070BD5229756AD100927221 /* Build configuration list for PBXNativeTarget "TrendyShop" */ = {
			isa = XCConfigurationList;
			buildConfigurations = (
				5070BD5329756AD100927221 /* Debug */,
				5070BD5429756AD100927221 /* Release */,
			);
			defaultConfigurationIsVisible = 0;
			defaultConfigurationName = Release;
		};
/* End XCConfigurationList section */
	};
	rootObject = 5070BD3629756AD000927221 /* Project object */;
}
